
Microsoft Visual Studio Solution File, Format Version 12.00
# Visual Studio Version 16
VisualStudioVersion = 16.0.31424.327
MinimumVisualStudioVersion = 10.0.40219.1
Project("{8BC9CEB8-8B4A-11D0-8D11-00A0C91BC942}") = "Server", "Server\Server.vcxproj", "{D05D950F-7A98-47FC-8DA5-D5BE1AC30F0F}"
EndProject
Project("{8BC9CEB8-8B4A-11D0-8D11-00A0C91BC942}") = "Server2", "Server2\Server2.vcxproj", "{A9BDC864-C2E3-428C-99AC-A0ED088AFC19}"
EndProject
Global
	GlobalSection(SolutionConfigurationPlatforms) = preSolution
		Debug|x64 = Debug|x64
		Debug|x86 = Debug|x86
		Release|x64 = Release|x64
		Release|x86 = Release|x86
	EndGlobalSection
	GlobalSection(ProjectConfigurationPlatforms) = postSolution
		{D05D950F-7A98-47FC-8DA5-D5BE1AC30F0F}.Debug|x64.ActiveCfg = Debug|x64
		{D05D950F-7A98-47FC-8DA5-D5BE1AC30F0F}.Debug|x64.Build.0 = Debug|x64
		{D05D950F-7A98-47FC-8DA5-D5BE1AC30F0F}.Debug|x86.ActiveCfg = Debug|Win32
		{D05D950F-7A98-47FC-8DA5-D5BE1AC30F0F}.Debug|x86.Build.0 = Debug|Win32
		{D05D950F-7A98-47FC-8DA5-D5BE1AC30F0F}.Release|x64.ActiveCfg = Release|x64
		{D05D950F-7A98-47FC-8DA5-D5BE1AC30F0F}.Release|x64.Build.0 = Release|x64
		{D05D950F-7A98-47FC-8DA5-D5BE1AC30F0F}.Release|x86.ActiveCfg = Release|Win32
		{D05D950F-7A98-47FC-8DA5-D5BE1AC30F0F}.Release|x86.Build.0 = Release|Win32
		{A9BDC864-C2E3-428C-99AC-A0ED088AFC19}.Debug|x64.ActiveCfg = Debug|x64
		{A9BDC864-C2E3-428C-99AC-A0ED088AFC19}.Debug|x64.Build.0 = Debug|x64
		{A9BDC864-C2E3-428C-99AC-A0ED088AFC19}.Debug|x86.ActiveCfg = Debug|Win32
		{A9BDC864-C2E3-428C-99AC-A0ED088AFC19}.Debug|x86.Build.0 = Debug|Win32
		{A9BDC864-C2E3-428C-99AC-A0ED088AFC19}.Release|x64.ActiveCfg = Release|x64
		{A9BDC864-C2E3-428C-99AC-A0ED088AFC19}.Release|x64.Build.0 = Release|x64
		{A9BDC864-C2E3-428C-99AC-A0ED088AFC19}.Release|x86.ActiveCfg = Release|Win32
		{A9BDC864-C2E3-428C-99AC-A0ED088AFC19}.Release|x86.Build.0 = Release|Win32
	EndGlobalSection
	GlobalSection(SolutionProperties) = preSolution
		HideSolutionNode = FALSE
	EndGlobalSection
	GlobalSection(ExtensibilityGlobals) = postSolution
		SolutionGuid = {DAB470C5-DCF2-4B9F-A57A-A3A90D3F94B6}
	EndGlobalSection
EndGlobal
